
Microsoft Visual Studio Solution File, Format Version 12.00
# Visual Studio 15
VisualStudioVersion = 15.0.28307.271
MinimumVisualStudioVersion = 10.0.40219.1
Project("{FAE04EC0-301F-11D3-BF4B-00C04F79EFBC}") = "SchemaGenerator", "SchemaGenerator\SchemaGenerator.csproj", "{18A50C99-F839-424D-8653-9F101741FFB7}"
EndProject
Project("{FAE04EC0-301F-11D3-BF4B-00C04F79EFBC}") = "TestApp", "TestApp\TestApp.csproj", "{B09D47A3-E2BF-4484-80B9-1E124BFFD119}"
EndProject
Global
	GlobalSection(SolutionConfigurationPlatforms) = preSolution
		Debug|Any CPU = Debug|Any CPU
		Release|Any CPU = Release|Any CPU
	EndGlobalSection
	GlobalSection(ProjectConfigurationPlatforms) = postSolution
		{18A50C99-F839-424D-8653-9F101741FFB7}.Debug|Any CPU.ActiveCfg = Debug|Any CPU
		{18A50C99-F839-424D-8653-9F101741FFB7}.Debug|Any CPU.Build.0 = Debug|Any CPU
		{18A50C99-F839-424D-8653-9F101741FFB7}.Release|Any CPU.ActiveCfg = Release|Any CPU
		{18A50C99-F839-424D-8653-9F101741FFB7}.Release|Any CPU.Build.0 = Release|Any CPU
		{B09D47A3-E2BF-4484-80B9-1E124BFFD119}.Debug|Any CPU.ActiveCfg = Debug|Any CPU
		{B09D47A3-E2BF-4484-80B9-1E124BFFD119}.Debug|Any CPU.Build.0 = Debug|Any CPU
		{B09D47A3-E2BF-4484-80B9-1E124BFFD119}.Release|Any CPU.ActiveCfg = Release|Any CPU
		{B09D47A3-E2BF-4484-80B9-1E124BFFD119}.Release|Any CPU.Build.0 = Release|Any CPU
	EndGlobalSection
	GlobalSection(SolutionProperties) = preSolution
		HideSolutionNode = FALSE
	EndGlobalSection
	GlobalSection(ExtensibilityGlobals) = postSolution
		SolutionGuid = {C351F1F6-0453-4EA9-B15C-3A88545B5E87}
	EndGlobalSection
EndGlobal
